
Microsoft Visual Studio Solution File, Format Version 12.00
# Visual Studio 15
VisualStudioVersion = 15.0.28307.645
MinimumVisualStudioVersion = 10.0.40219.1
Project("{9A19103F-16F7-4668-BE54-9A1E7A4F7556}") = "GameDataExtractor", "GameDataExtractor.csproj", "{A1E6DFDF-1BF4-42FE-B824-11048EE90B49}"
EndProject
Project("{9A19103F-16F7-4668-BE54-9A1E7A4F7556}") = "AtomicTorch.CBND.CoreMod", "..\..\..\Core\Core.cpk\AtomicTorch.CBND.CoreMod.csproj", "{6EAF617E-D1A1-484E-9E62-8FC9C13273CB}"
EndProject
Global
	GlobalSection(SolutionConfigurationPlatforms) = preSolution
		Debug|Any CPU = Debug|Any CPU
		Release|Any CPU = Release|Any CPU
	EndGlobalSection
	GlobalSection(ProjectConfigurationPlatforms) = postSolution
		{A1E6DFDF-1BF4-42FE-B824-11048EE90B49}.Debug|Any CPU.ActiveCfg = Debug|Any CPU
		{A1E6DFDF-1BF4-42FE-B824-11048EE90B49}.Debug|Any CPU.Build.0 = Debug|Any CPU
		{A1E6DFDF-1BF4-42FE-B824-11048EE90B49}.Release|Any CPU.ActiveCfg = Release|Any CPU
		{A1E6DFDF-1BF4-42FE-B824-11048EE90B49}.Release|Any CPU.Build.0 = Release|Any CPU
		{6EAF617E-D1A1-484E-9E62-8FC9C13273CB}.Debug|Any CPU.ActiveCfg = Debug|Any CPU
		{6EAF617E-D1A1-484E-9E62-8FC9C13273CB}.Debug|Any CPU.Build.0 = Debug|Any CPU
		{6EAF617E-D1A1-484E-9E62-8FC9C13273CB}.Release|Any CPU.ActiveCfg = Release|Any CPU
		{6EAF617E-D1A1-484E-9E62-8FC9C13273CB}.Release|Any CPU.Build.0 = Release|Any CPU
	EndGlobalSection
	GlobalSection(SolutionProperties) = preSolution
		HideSolutionNode = FALSE
	EndGlobalSection
	GlobalSection(ExtensibilityGlobals) = postSolution
		SolutionGuid = {63B6AE21-C634-4FBE-B787-6901994EBFDB}
	EndGlobalSection
EndGlobal
